
Microsoft Visual Studio Solution File, Format Version 11.00
# Visual Studio 2010
Project("{FAE04EC0-301F-11D3-BF4B-00C04F79EFBC}") = "Assembly-CSharp", "Assembly-CSharp.csproj", "{cf655d02-a184-0ade-91ad-c6f0a4f9caba}"
EndProject
Project("{FAE04EC0-301F-11D3-BF4B-00C04F79EFBC}") = "Assembly-CSharp-Editor", "Assembly-CSharp-Editor.csproj", "{b88a39ff-83db-42da-fe6b-f7b4ded5ae89}"
EndProject
Global
	GlobalSection(SolutionConfigurationPlatforms) = preSolution
		Debug|Any CPU = Debug|Any CPU
		Release|Any CPU = Release|Any CPU
	EndGlobalSection
	GlobalSection(ProjectConfigurationPlatforms) = postSolution
		{cf655d02-a184-0ade-91ad-c6f0a4f9caba}.Debug|Any CPU.ActiveCfg = Debug|Any CPU
		{cf655d02-a184-0ade-91ad-c6f0a4f9caba}.Debug|Any CPU.Build.0 = Debug|Any CPU
		{cf655d02-a184-0ade-91ad-c6f0a4f9caba}.Release|Any CPU.ActiveCfg = Release|Any CPU
		{cf655d02-a184-0ade-91ad-c6f0a4f9caba}.Release|Any CPU.Build.0 = Release|Any CPU
		{b88a39ff-83db-42da-fe6b-f7b4ded5ae89}.Debug|Any CPU.ActiveCfg = Debug|Any CPU
		{b88a39ff-83db-42da-fe6b-f7b4ded5ae89}.Debug|Any CPU.Build.0 = Debug|Any CPU
		{b88a39ff-83db-42da-fe6b-f7b4ded5ae89}.Release|Any CPU.ActiveCfg = Release|Any CPU
		{b88a39ff-83db-42da-fe6b-f7b4ded5ae89}.Release|Any CPU.Build.0 = Release|Any CPU
	EndGlobalSection
	GlobalSection(SolutionProperties) = preSolution
		HideSolutionNode = FALSE
	EndGlobalSection
EndGlobal
